Microsoft Visual Studio Solution File, Format Version 11.00
# Visual Studio 2008

Project("{CFA80F14-AF3E-107F-5BB1-CACD8B22249E}") = "Paung", "Assembly-CSharp.csproj", "{2462A266-4DC6-E02A-611C-F4D2B8E418A6}"
EndProject
Global
	GlobalSection(SolutionConfigurationPlatforms) = preSolution
		Debug|Any CPU = Debug|Any CPU
		Release|Any CPU = Release|Any CPU
	EndGlobalSection
	GlobalSection(ProjectConfigurationPlatforms) = postSolution
		{2462A266-4DC6-E02A-611C-F4D2B8E418A6}.Debug|Any CPU.ActiveCfg = Debug|Any CPU
		{2462A266-4DC6-E02A-611C-F4D2B8E418A6}.Debug|Any CPU.Build.0 = Debug|Any CPU
		{2462A266-4DC6-E02A-611C-F4D2B8E418A6}.Release|Any CPU.ActiveCfg = Release|Any CPU
		{2462A266-4DC6-E02A-611C-F4D2B8E418A6}.Release|Any CPU.Build.0 = Release|Any CPU
	EndGlobalSection
	GlobalSection(SolutionProperties) = preSolution
		HideSolutionNode = FALSE
	EndGlobalSection
	GlobalSection(MonoDevelopProperties) = preSolution
		StartupItem = Assembly-CSharp.csproj
	EndGlobalSection
EndGlobal
